// !$*UTF8*$!
{
	archiveVersion = 1;
	classes = {
	};
	objectVersion = 50;
	objects = {

/* Begin PBXBuildFile section */
		8E20102D26430A7600ADEA64 /* main.m in Sources */ = {isa = PBXBuildFile; fileRef = 8E20102C26430A7600ADEA64 /* main.m */; };
		8E20103E26430AEA00ADEA64 /* RSPerson.m in Sources */ = {isa = PBXBuildFile; fileRef = 8E20103D26430AEA00ADEA64 /* RSPerson.m */; };
		8E201044264488A300ADEA64 /* RSPassenger.m in Sources */ = {isa = PBXBuildFile; fileRef = 8E201043264488A300ADEA64 /* RSPassenger.m */; };
		8E20104F26448A3F00ADEA64 /* RSVehicle.m in Sources */ = {isa = PBXBuildFile; fileRef = 8E20104E26448A3F00ADEA64 /* RSVehicle.m */; };
		8E20105626448D3A00ADEA64 /* RSCar.m in Sources */ = {isa = PBXBuildFile; fileRef = 8E20105526448D3A00ADEA64 /* RSCar.m */; };
		8E20105C26448E0D00ADEA64 /* RSCarPort.m in Sources */ = {isa = PBXBuildFile; fileRef = 8E20105B26448E0D00ADEA64 /* RSCarPort.m */; };
		8EB97177264DAD4100E7C30A /* RSPassenger+PassengerCategory.m in Sources */ = {isa = PBXBuildFile; fileRef = 8EB97176264DAD4100E7C30A /* RSPassenger+PassengerCategory.m */; };
/* End PBXBuildFile section */

/* Begin PBXCopyFilesBuildPhase section */
		8E20102726430A7600ADEA64 /* CopyFiles */ = {
			isa = PBXCopyFilesBuildPhase;
			buildActionMask = 2147483647;
			dstPath = /usr/share/man/man1/;
			dstSubfolderSpec = 0;
			files = (
			);
			runOnlyForDeploymentPostprocessing = 1;
		};
/* End PBXCopyFilesBuildPhase section */

/* Begin PBXFileReference section */
		8E20102926430A7600ADEA64 /* L3_ObjCFundamentals */ = {isa = PBXFileReference; explicitFileType = "compiled.mach-o.executable"; includeInIndex = 0; path = L3_ObjCFundamentals; sourceTree = BUILT_PRODUCTS_DIR; };
		8E20102C26430A7600ADEA64 /* main.m */ = {isa = PBXFileReference; lastKnownFileType = sourcecode.c.objc; path = main.m; sourceTree = "<group>"; };
		8E20103C26430AEA00ADEA64 /* RSPerson.h */ = {isa = PBXFileReference; lastKnownFileType = sourcecode.c.h; path = RSPerson.h; sourceTree = "<group>"; };
		8E20103D26430AEA00ADEA64 /* RSPerson.m */ = {isa = PBXFileReference; lastKnownFileType = sourcecode.c.objc; path = RSPerson.m; sourceTree = "<group>"; };
		8E201042264488A300ADEA64 /* RSPassenger.h */ = {isa = PBXFileReference; lastKnownFileType = sourcecode.c.h; path = RSPassenger.h; sourceTree = "<group>"; };
		8E201043264488A300ADEA64 /* RSPassenger.m */ = {isa = PBXFileReference; lastKnownFileType = sourcecode.c.objc; path = RSPassenger.m; sourceTree = "<group>"; };
		8E20104D26448A3F00ADEA64 /* RSVehicle.h */ = {isa = PBXFileReference; lastKnownFileType = sourcecode.c.h; path = RSVehicle.h; sourceTree = "<group>"; };
		8E20104E26448A3F00ADEA64 /* RSVehicle.m */ = {isa = PBXFileReference; lastKnownFileType = sourcecode.c.objc; path = RSVehicle.m; sourceTree = "<group>"; };
		8E20105426448D3A00ADEA64 /* RSCar.h */ = {isa = PBXFileReference; lastKnownFileType = sourcecode.c.h; path = RSCar.h; sourceTree = "<group>"; };
		8E20105526448D3A00ADEA64 /* RSCar.m */ = {isa = PBXFileReference; lastKnownFileType = sourcecode.c.objc; path = RSCar.m; sourceTree = "<group>"; };
		8E20105A26448E0D00ADEA64 /* RSCarPort.h */ = {isa = PBXFileReference; lastKnownFileType = sourcecode.c.h; path = RSCarPort.h; sourceTree = "<group>"; };
		8E20105B26448E0D00ADEA64 /* RSCarPort.m */ = {isa = PBXFileReference; lastKnownFileType = sourcecode.c.objc; path = RSCarPort.m; sourceTree = "<group>"; };
		8E20105F2645B4BD00ADEA64 /* RSEnterable.h */ = {isa = PBXFileReference; lastKnownFileType = sourcecode.c.h; path = RSEnterable.h; sourceTree = "<group>"; };
		8EB97175264DAD4100E7C30A /* RSPassenger+PassengerCategory.h */ = {isa = PBXFileReference; lastKnownFileType = sourcecode.c.h; path = "RSPassenger+PassengerCategory.h"; sourceTree = "<group>"; };
		8EB97176264DAD4100E7C30A /* RSPassenger+PassengerCategory.m */ = {isa = PBXFileReference; lastKnownFileType = sourcecode.c.objc; path = "RSPassenger+PassengerCategory.m"; sourceTree = "<group>"; };
/* End PBXFileReference section */

/* Begin PBXFrameworksBuildPhase section */
		8E20102626430A7600ADEA64 /* Frameworks */ = {
			isa = PBXFrameworksBuildPhase;
			buildActionMask = 2147483647;
			files = (
			);
			runOnlyForDeploymentPostprocessing = 0;
		};
/* End PBXFrameworksBuildPhase section */

/* Begin PBXGroup section */
		8E20102026430A7600ADEA64 = {
			isa = PBXGroup;
			children = (
				8E20102B26430A7600ADEA64 /* L3_ObjCFundamentals */,
				8E20102A26430A7600ADEA64 /* Products */,
			);
			sourceTree = "<group>";
		};
		8E20102A26430A7600ADEA64 /* Products */ = {
			isa = PBXGroup;
			children = (
				8E20102926430A7600ADEA64 /* L3_ObjCFundamentals */,
			);
			name = Products;
			sourceTree = "<group>";
		};
		8E20102B26430A7600ADEA64 /* L3_ObjCFundamentals */ = {
			isa = PBXGroup;
			children = (
				8E2010402644888300ADEA64 /* Model */,
				8E20102C26430A7600ADEA64 /* main.m */,
				8E20103C26430AEA00ADEA64 /* RSPerson.h */,
				8E20103D26430AEA00ADEA64 /* RSPerson.m */,
			);
			path = L3_ObjCFundamentals;
			sourceTree = "<group>";
		};
		8E2010402644888300ADEA64 /* Model */ = {
			isa = PBXGroup;
			children = (
				8E20105826448DE800ADEA64 /* Port */,
				8E20105226448D1300ADEA64 /* Car */,
				8E20104C26448A2700ADEA64 /* Vehicle */,
				8E2010412644888B00ADEA64 /* Passenger */,
			);
			path = Model;
			sourceTree = "<group>";
		};
		8E2010412644888B00ADEA64 /* Passenger */ = {
			isa = PBXGroup;
			children = (
				8EB97174264DACE200E7C30A /* Category */,
				8E201042264488A300ADEA64 /* RSPassenger.h */,
				8E201043264488A300ADEA64 /* RSPassenger.m */,
			);
			path = Passenger;
			sourceTree = "<group>";
		};
		8E20104C26448A2700ADEA64 /* Vehicle */ = {
			isa = PBXGroup;
			children = (
				8E20104D26448A3F00ADEA64 /* RSVehicle.h */,
				8E20104E26448A3F00ADEA64 /* RSVehicle.m */,
			);
			path = Vehicle;
			sourceTree = "<group>";
		};
		8E20105226448D1300ADEA64 /* Car */ = {
			isa = PBXGroup;
			children = (
				8E20105426448D3A00ADEA64 /* RSCar.h */,
				8E20105526448D3A00ADEA64 /* RSCar.m */,
			);
			path = Car;
			sourceTree = "<group>";
		};
		8E20105826448DE800ADEA64 /* Port */ = {
			isa = PBXGroup;
			children = (
				8E20105926448DEE00ADEA64 /* CarPort */,
			);
			path = Port;
			sourceTree = "<group>";
		};
		8E20105926448DEE00ADEA64 /* CarPort */ = {
			isa = PBXGroup;
			children = (
				8E20105A26448E0D00ADEA64 /* RSCarPort.h */,
				8E20105B26448E0D00ADEA64 /* RSCarPort.m */,
				8E20105F2645B4BD00ADEA64 /* RSEnterable.h */,
			);
			path = CarPort;
			sourceTree = "<group>";
		};
		8EB97174264DACE200E7C30A /* Category */ = {
			isa = PBXGroup;
			children = (
				8EB97175264DAD4100E7C30A /* RSPassenger+PassengerCategory.h */,
				8EB97176264DAD4100E7C30A /* RSPassenger+PassengerCategory.m */,
			);
			path = Category;
			sourceTree = "<group>";
		};
/* End PBXGroup section */

/* Begin PBXNativeTarget section */
		8E20102826430A7600ADEA64 /* L3_ObjCFundamentals */ = {
			isa = PBXNativeTarget;
			buildConfigurationList = 8E20103026430A7600ADEA64 /* Build configuration list for PBXNativeTarget "L3_ObjCFundamentals" */;
			buildPhases = (
				8E20102526430A7600ADEA64 /* Sources */,
				8E20102626430A7600ADEA64 /* Frameworks */,
				8E20102726430A7600ADEA64 /* CopyFiles */,
			);
			buildRules = (
			);
			dependencies = (
			);
			name = L3_ObjCFundamentals;
			productName = L3_ObjCFundamentals;
			productReference = 8E20102926430A7600ADEA64 /* L3_ObjCFundamentals */;
			productType = "com.apple.product-type.tool";
		};
/* End PBXNativeTarget section */

/* Begin PBXProject section */
		8E20102126430A7600ADEA64 /* Project object */ = {
			isa = PBXProject;
			attributes = {
				LastUpgradeCheck = 1240;
				TargetAttributes = {
					8E20102826430A7600ADEA64 = {
						CreatedOnToolsVersion = 12.4;
					};
				};
			};
			buildConfigurationList = 8E20102426430A7600ADEA64 /* Build configuration list for PBXProject "L3_ObjCFundamentals" */;
			compatibilityVersion = "Xcode 9.3";
			developmentRegion = en;
			hasScannedForEncodings = 0;
			knownRegions = (
				en,
				Base,
			);
			mainGroup = 8E20102026430A7600ADEA64;
			productRefGroup = 8E20102A26430A7600ADEA64 /* Products */;
			projectDirPath = "";
			projectRoot = "";
			targets = (
				8E20102826430A7600ADEA64 /* L3_ObjCFundamentals */,
			);
		};
/* End PBXProject section */

/* Begin PBXSourcesBuildPhase section */
		8E20102526430A7600ADEA64 /* Sources */ = {
			isa = PBXSourcesBuildPhase;
			buildActionMask = 2147483647;
			files = (
				8E20105C26448E0D00ADEA64 /* RSCarPort.m in Sources */,
				8E201044264488A300ADEA64 /* RSPassenger.m in Sources */,
				8E20105626448D3A00ADEA64 /* RSCar.m in Sources */,
				8EB97177264DAD4100E7C30A /* RSPassenger+PassengerCategory.m in Sources */,
				8E20102D26430A7600ADEA64 /* main.m in Sources */,
				8E20103E26430AEA00ADEA64 /* RSPerson.m in Sources */,
				8E20104F26448A3F00ADEA64 /* RSVehicle.m in Sources */,
			);
			runOnlyForDeploymentPostprocessing = 0;
		};
/* End PBXSourcesBuildPhase section */

/* Begin XCBuildConfiguration section */
		8E20102E26430A7600ADEA64 /* Debug */ = {
			isa = XCBuildConfiguration;
			buildSettings = {
				ALWAYS_SEARCH_USER_PATHS = NO;
				CLANG_ANALYZER_NONNULL = YES;
				CLANG_ANALYZER_NUMBER_OBJECT_CONVERSION = YES_AGGRESSIVE;
				CLANG_CXX_LANGUAGE_STANDARD = "gnu++14";
				CLANG_CXX_LIBRARY = "libc++";
				CLANG_ENABLE_MODULES = YES;
				CLANG_ENABLE_OBJC_ARC = YES;
				CLANG_ENABLE_OBJC_WEAK = YES;
				CLANG_WARN_BLOCK_CAPTURE_AUTORELEASING = YES;
				CLANG_WARN_BOOL_CONVERSION = YES;
				CLANG_WARN_COMMA = YES;
				CLANG_WARN_CONSTANT_CONVERSION = YES;
				CLANG_WARN_DEPRECATED_OBJC_IMPLEMENTATIONS = YES;
				CLANG_WARN_DIRECT_OBJC_ISA_USAGE = YES_ERROR;
				CLANG_WARN_DOCUMENTATION_COMMENTS = YES;
				CLANG_WARN_EMPTY_BODY = YES;
				CLANG_WARN_ENUM_CONVERSION = YES;
				CLANG_WARN_INFINITE_RECURSION = YES;
				CLANG_WARN_INT_CONVERSION = YES;
				CLANG_WARN_NON_LITERAL_NULL_CONVERSION = YES;
				CLANG_WARN_OBJC_IMPLICIT_RETAIN_SELF = YES;
				CLANG_WARN_OBJC_LITERAL_CONVERSION = YES;
				CLANG_WARN_OBJC_ROOT_CLASS = YES_ERROR;
				CLANG_WARN_QUOTED_INCLUDE_IN_FRAMEWORK_HEADER = YES;
				CLANG_WARN_RANGE_LOOP_ANALYSIS = YES;
				CLANG_WARN_STRICT_PROTOTYPES = YES;
				CLANG_WARN_SUSPICIOUS_MOVE = YES;
				CLANG_WARN_UNGUARDED_AVAILABILITY = YES_AGGRESSIVE;
				CLANG_WARN_UNREACHABLE_CODE = YES;
				CLANG_WARN__DUPLICATE_METHOD_MATCH = YES;
				COPY_PHASE_STRIP = NO;
				DEBUG_INFORMATION_FORMAT = dwarf;
				ENABLE_STRICT_OBJC_MSGSEND = YES;
				ENABLE_TESTABILITY = YES;
				GCC_C_LANGUAGE_STANDARD = gnu11;
				GCC_DYNAMIC_NO_PIC = NO;
				GCC_NO_COMMON_BLOCKS = YES;
				GCC_OPTIMIZATION_LEVEL = 0;
				GCC_PREPROCESSOR_DEFINITIONS = (
					"DEBUG=1",
					"$(inherited)",
				);
				GCC_WARN_64_TO_32_BIT_CONVERSION = YES;
				GCC_WARN_ABOUT_RETURN_TYPE = YES_ERROR;
				GCC_WARN_UNDECLARED_SELECTOR = YES;
				GCC_WARN_UNINITIALIZED_AUTOS = YES_AGGRESSIVE;
				GCC_WARN_UNUSED_FUNCTION = YES;
				GCC_WARN_UNUSED_VARIABLE = YES;
				MACOSX_DEPLOYMENT_TARGET = 11.1;
				MTL_ENABLE_DEBUG_INFO = INCLUDE_SOURCE;
				MTL_FAST_MATH = YES;
				ONLY_ACTIVE_ARCH = YES;
				SDKROOT = macosx;
			};
			name = Debug;
		};
		8E20102F26430A7600ADEA64 /* Release */ = {
			isa = XCBuildConfiguration;
			buildSettings = {
				ALWAYS_SEARCH_USER_PATHS = NO;
				CLANG_ANALYZER_NONNULL = YES;
				CLANG_ANALYZER_NUMBER_OBJECT_CONVERSION = YES_AGGRESSIVE;
				CLANG_CXX_LANGUAGE_STANDARD = "gnu++14";
				CLANG_CXX_LIBRARY = "libc++";
				CLANG_ENABLE_MODULES = YES;
				CLANG_ENABLE_OBJC_ARC = YES;
				CLANG_ENABLE_OBJC_WEAK = YES;
				CLANG_WARN_BLOCK_CAPTURE_AUTORELEASING = YES;
				CLANG_WARN_BOOL_CONVERSION = YES;
				CLANG_WARN_COMMA = YES;
				CLANG_WARN_CONSTANT_CONVERSION = YES;
				CLANG_WARN_DEPRECATED_OBJC_IMPLEMENTATIONS = YES;
				CLANG_WARN_DIRECT_OBJC_ISA_USAGE = YES_ERROR;
				CLANG_WARN_DOCUMENTATION_COMMENTS = YES;
				CLANG_WARN_EMPTY_BODY = YES;
				CLANG_WARN_ENUM_CONVERSION = YES;
				CLANG_WARN_INFINITE_RECURSION = YES;
				CLANG_WARN_INT_CONVERSION = YES;
				CLANG_WARN_NON_LITERAL_NULL_CONVERSION = YES;
				CLANG_WARN_OBJC_IMPLICIT_RETAIN_SELF = YES;
				CLANG_WARN_OBJC_LITERAL_CONVERSION = YES;
				CLANG_WARN_OBJC_ROOT_CLASS = YES_ERROR;
				CLANG_WARN_QUOTED_INCLUDE_IN_FRAMEWORK_HEADER = YES;
				CLANG_WARN_RANGE_LOOP_ANALYSIS = YES;
				CLANG_WARN_STRICT_PROTOTYPES = YES;
				CLANG_WARN_SUSPICIOUS_MOVE = YES;
				CLANG_WARN_UNGUARDED_AVAILABILITY = YES_AGGRESSIVE;
				CLANG_WARN_UNREACHABLE_CODE = YES;
				CLANG_WARN__DUPLICATE_METHOD_MATCH = YES;
				COPY_PHASE_STRIP = NO;
				DEBUG_INFORMATION_FORMAT = "dwarf-with-dsym";
				ENABLE_NS_ASSERTIONS = NO;
				ENABLE_STRICT_OBJC_MSGSEND = YES;
				GCC_C_LANGUAGE_STANDARD = gnu11;
				GCC_NO_COMMON_BLOCKS = YES;
				GCC_WARN_64_TO_32_BIT_CONVERSION = YES;
				GCC_WARN_ABOUT_RETURN_TYPE = YES_ERROR;
				GCC_WARN_UNDECLARED_SELECTOR = YES;
				GCC_WARN_UNINITIALIZED_AUTOS = YES_AGGRESSIVE;
				GCC_WARN_UNUSED_FUNCTION = YES;
				GCC_WARN_UNUSED_VARIABLE = YES;
				MACOSX_DEPLOYMENT_TARGET = 11.1;
				MTL_ENABLE_DEBUG_INFO = NO;
				MTL_FAST_MATH = YES;
				SDKROOT = macosx;
			};
			name = Release;
		};
		8E20103126430A7600ADEA64 /* Debug */ = {
			isa = XCBuildConfiguration;
			buildSettings = {
				CODE_SIGN_STYLE = Automatic;
				DEVELOPMENT_TEAM = 53SSJT7H43;
				ENABLE_HARDENED_RUNTIME = YES;
				PRODUCT_NAME = "$(TARGET_NAME)";
			};
			name = Debug;
		};
		8E20103226430A7600ADEA64 /* Release */ = {
			isa = XCBuildConfiguration;
			buildSettings = {
				CODE_SIGN_STYLE = Automatic;
				DEVELOPMENT_TEAM = 53SSJT7H43;
				ENABLE_HARDENED_RUNTIME = YES;
				PRODUCT_NAME = "$(TARGET_NAME)";
			};
			name = Release;
		};
/* End XCBuildConfiguration section */

/* Begin XCConfigurationList section */
		8E20102426430A7600ADEA64 /* Build configuration list for PBXProject "L3_ObjCFundamentals" */ = {
			isa = XCConfigurationList;
			buildConfigurations = (
				8E20102E26430A7600ADEA64 /* Debug */,
				8E20102F26430A7600ADEA64 /* Release */,
			);
			defaultConfigurationIsVisible = 0;
			defaultConfigurationName = Release;
		};
		8E20103026430A7600ADEA64 /* Build configuration list for PBXNativeTarget "L3_ObjCFundamentals" */ = {
			isa = XCConfigurationList;
			buildConfigurations = (
				8E20103126430A7600ADEA64 /* Debug */,
				8E20103226430A7600ADEA64 /* Release */,
			);
			defaultConfigurationIsVisible = 0;
			defaultConfigurationName = Release;
		};
/* End XCConfigurationList section */
	};
	rootObject = 8E20102126430A7600ADEA64 /* Project object */;
}
